{
  "version": "5",
  "specifiers": {
    "jsr:@std/encoding@*": "1.0.5",
    "jsr:@std/encoding@1.0.7": "1.0.7",
    "npm:@stellar/stellar-sdk@^13.3.0": "13.3.0",
    "npm:@stellar/stellar-xdr-json@^22.0.0-rc.1.1": "22.0.0-rc.1.1",
    "npm:commander@^13.1.0": "13.1.0"
  },
  "jsr": {
    "@std/encoding@1.0.5": {
      "integrity": "ecf363d4fc25bd85bd915ff6733a7e79b67e0e7806334af15f4645c569fefc04"
    },
    "@std/encoding@1.0.7": {
      "integrity": "f631247c1698fef289f2de9e2a33d571e46133b38d042905e3eac3715030a82d"
    }
  },
  "npm": {
    "@stellar/js-xdr@3.1.2": {
      "integrity": "sha512-VVolPL5goVEIsvuGqDc5uiKxV03lzfWdvYg1KikvwheDmTBO68CKDji3bAZ/kppZrx5iTA8z3Ld5yuytcvhvOQ=="
    },
    "@stellar/stellar-base@13.1.0": {
      "integrity": "sha512-90EArG+eCCEzDGj3OJNoCtwpWDwxjv+rs/RNPhvg4bulpjN/CSRj+Ys/SalRcfM4/WRC5/qAfjzmJBAuquWhkA==",
      "dependencies": [
        "@stellar/js-xdr",
        "base32.js",
        "bignumber.js",
        "buffer",
        "sha.js",
        "tweetnacl"
      ],
      "optionalDependencies": [
        "sodium-native"
      ]
    },
    "@stellar/stellar-sdk@13.3.0": {
      "integrity": "sha512-8+GHcZLp+mdin8gSjcgfb/Lb6sSMYRX6Nf/0LcSJxvjLQR0XHpjGzOiRbYb2jSXo51EnA6kAV5j+4Pzh5OUKUg==",
      "dependencies": [
        "@stellar/stellar-base",
        "axios",
        "bignumber.js",
        "eventsource",
        "feaxios",
        "randombytes",
        "toml",
        "urijs"
      ]
    },
    "@stellar/stellar-xdr-json@22.0.0-rc.1.1": {
      "integrity": "sha512-2fXydL1i7OiegEjDHj2QFLKjypJVXd2BaaPp+QRgZTMD/FYrfJdTaubhDwEdBNk6TQ3ICl8YpESLmb7ca8r6QA=="
    },
    "asynckit@0.4.0": {
      "integrity": "sha512-Oei9OH4tRh0YqU3GxhX79dM/mwVgvbZJaSNaRk+bshkj0S5cfHcgYakreBjrHwatXKbz+IoIdYLxrKim2MjW0Q=="
    },
    "axios@1.9.0": {
      "integrity": "sha512-re4CqKTJaURpzbLHtIi6XpDv20/CnpXOtjRY5/CU32L8gU8ek9UIivcfvSWvmKEngmVbrUtPpdDwWDWL7DNHvg==",
      "dependencies": [
        "follow-redirects",
        "form-data",
        "proxy-from-env"
      ]
    },
    "bare-addon-resolve@1.9.4_bare-url@2.1.6": {
      "integrity": "sha512-unn6Vy/Yke6F99vg/7tcrvM2KUvIhTNniaSqDbam4AWkd4NhvDVSrQiRYVlNzUV2P7SPobkCK7JFVxrJk9btCg==",
      "dependencies": [
        "bare-module-resolve",
        "bare-semver",
        "bare-url"
      ],
      "optionalPeers": [
        "bare-url"
      ]
    },
    "bare-module-resolve@1.10.2_bare-url@2.1.6": {
      "integrity": "sha512-C9COe/GhWfVXKytW3DElTkiBU+Gb2OXeaVkdGdRB/lp26TVLESHkTGS876iceAGdvtPgohfp9nX8vXHGvN3++Q==",
      "dependencies": [
        "bare-semver",
        "bare-url"
      ],
      "optionalPeers": [
        "bare-url"
      ]
    },
    "bare-os@3.6.1": {
      "integrity": "sha512-uaIjxokhFidJP+bmmvKSgiMzj2sV5GPHaZVAIktcxcpCyBFFWO+YlikVAdhmUo2vYFvFhOXIAlldqV29L8126g=="
    },
    "bare-path@3.0.0": {
      "integrity": "sha512-tyfW2cQcB5NN8Saijrhqn0Zh7AnFNsnczRcuWODH0eYAXBsJ5gVxAUuNr7tsHSC6IZ77cA0SitzT+s47kot8Mw==",
      "dependencies": [
        "bare-os"
      ]
    },
    "bare-semver@1.0.1": {
      "integrity": "sha512-UtggzHLiTrmFOC/ogQ+Hy7VfoKoIwrP1UFcYtTxoCUdLtsIErT8+SWtOC2DH/snT9h+xDrcBEPcwKei1mzemgg=="
    },
    "bare-url@2.1.6": {
      "integrity": "sha512-FgjDeR+/yDH34By4I0qB5NxAoWv7dOTYcOXwn73kr+c93HyC2lU6tnjifqUe33LKMJcDyCYPQjEAqgOQiXkE2Q==",
      "dependencies": [
        "bare-path"
      ]
    },
    "base32.js@0.1.0": {
      "integrity": "sha512-n3TkB02ixgBOhTvANakDb4xaMXnYUVkNoRFJjQflcqMQhyEKxEHdj3E6N8t8sUQ0mjH/3/JxzlXuz3ul/J90pQ=="
    },
    "base64-js@1.5.1": {
      "integrity": "sha512-AKpaYlHn8t4SVbOHCy+b5+KKgvR4vrsD8vbvrbiQJps7fKDTkjkDry6ji0rUJjC0kzbNePLwzxq8iypo41qeWA=="
    },
    "bignumber.js@9.3.0": {
      "integrity": "sha512-EM7aMFTXbptt/wZdMlBv2t8IViwQL+h6SLHosp8Yf0dqJMTnY6iL32opnAB6kAdL0SZPuvcAzFr31o0c/R3/RA=="
    },
    "buffer@6.0.3": {
      "integrity": "sha512-FTiCpNxtwiZZHEZbcbTIcZjERVICn9yq/pDFkTl95/AxzD1naBctN7YO68riM/gLSDY7sdrMby8hofADYuuqOA==",
      "dependencies": [
        "base64-js",
        "ieee754"
      ]
    },
    "call-bind-apply-helpers@1.0.2": {
      "integrity": "sha512-Sp1ablJ0ivDkSzjcaJdxEunN5/XvksFJ2sMBFfq6x0ryhQV/2b/KwFe21cMpmHtPOSij8K99/wSfoEuTObmuMQ==",
      "dependencies": [
        "es-errors",
        "function-bind"
      ]
    },
    "combined-stream@1.0.8": {
      "integrity": "sha512-FQN4MRfuJeHf7cBbBMJFXhKSDq+2kAArBlmRBvcvFE5BB1HZKXtSFASDhdlz9zOYwxh8lDdnvmMOe/+5cdoEdg==",
      "dependencies": [
        "delayed-stream"
      ]
    },
    "commander@13.1.0": {
      "integrity": "sha512-/rFeCpNJQbhSZjGVwO9RFV3xPqbnERS8MmIQzCtD/zl6gpJuV/bMLuN92oG3F7d8oDEHHRrujSXNUr8fpjntKw=="
    },
    "delayed-stream@1.0.0": {
      "integrity": "sha512-ZySD7Nf91aLB0RxL4KGrKHBXl7Eds1DAmEdcoVawXnLD7SDhpNgtuII2aAkg7a7QS41jxPSZ17p4VdGnMHk3MQ=="
    },
    "dunder-proto@1.0.1": {
      "integrity": "sha512-KIN/nDJBQRcXw0MLVhZE9iQHmG68qAVIBg9CqmUYjmQIhgij9U5MFvrqkUL5FbtyyzZuOeOt0zdeRe4UY7ct+A==",
      "dependencies": [
        "call-bind-apply-helpers",
        "es-errors",
        "gopd"
      ]
    },
    "es-define-property@1.0.1": {
      "integrity": "sha512-e3nRfgfUZ4rNGL232gUgX06QNyyez04KdjFrF+LTRoOXmrOgFKDg4BCdsjW8EnT69eqdYGmRpJwiPVYNrCaW3g=="
    },
    "es-errors@1.3.0": {
      "integrity": "sha512-Zf5H2Kxt2xjTvbJvP2ZWLEICxA6j+hAmMzIlypy4xcBg1vKVnx89Wy0GbS+kf5cwCVFFzdCFh2XSCFNULS6csw=="
    },
    "es-object-atoms@1.1.1": {
      "integrity": "sha512-FGgH2h8zKNim9ljj7dankFPcICIK9Cp5bm+c2gQSYePhpaG5+esrLODihIorn+Pe6FGJzWhXQotPv73jTaldXA==",
      "dependencies": [
        "es-errors"
      ]
    },
    "es-set-tostringtag@2.1.0": {
      "integrity": "sha512-j6vWzfrGVfyXxge+O0x5sh6cvxAog0a/4Rdd2K36zCMV5eJ+/+tOAngRO8cODMNWbVRdVlmGZQL2YS3yR8bIUA==",
      "dependencies": [
        "es-errors",
        "get-intrinsic",
        "has-tostringtag",
        "hasown"
      ]
    },
    "eventsource@2.0.2": {
      "integrity": "sha512-IzUmBGPR3+oUG9dUeXynyNmf91/3zUSJg1lCktzKw47OXuhco54U3r9B7O4XX+Rb1Itm9OZ2b0RkTs10bICOxA=="
    },
    "feaxios@0.0.23": {
      "integrity": "sha512-eghR0A21fvbkcQBgZuMfQhrXxJzC0GNUGC9fXhBge33D+mFDTwl0aJ35zoQQn575BhyjQitRc5N4f+L4cP708g==",
      "dependencies": [
        "is-retry-allowed"
      ]
    },
    "follow-redirects@1.15.9": {
      "integrity": "sha512-gew4GsXizNgdoRyqmyfMHyAmXsZDk6mHkSxZFCzW9gwlbtOW44CDtYavM+y+72qD/Vq2l550kMF52DT8fOLJqQ=="
    },
    "form-data@4.0.2": {
      "integrity": "sha512-hGfm/slu0ZabnNt4oaRZ6uREyfCj6P4fT/n6A1rGV+Z0VdGXjfOhVUpkn6qVQONHGIFwmveGXyDs75+nr6FM8w==",
      "dependencies": [
        "asynckit",
        "combined-stream",
        "es-set-tostringtag",
        "mime-types"
      ]
    },
    "function-bind@1.1.2": {
      "integrity": "sha512-7XHNxH7qX9xG5mIwxkhumTox/MIRNcOgDrxWsMt2pAr23WHp6MrRlN7FBSFpCpr+oVO0F744iUgR82nJMfG2SA=="
    },
    "get-intrinsic@1.3.0": {
      "integrity": "sha512-9fSjSaos/fRIVIp+xSJlE6lfwhES7LNtKaCBIamHsjr2na1BiABJPo0mOjjz8GJDURarmCPGqaiVg5mfjb98CQ==",
      "dependencies": [
        "call-bind-apply-helpers",
        "es-define-property",
        "es-errors",
        "es-object-atoms",
        "function-bind",
        "get-proto",
        "gopd",
        "has-symbols",
        "hasown",
        "math-intrinsics"
      ]
    },
    "get-proto@1.0.1": {
      "integrity": "sha512-sTSfBjoXBp89JvIKIefqw7U2CCebsc74kiY6awiGogKtoSGbgjYE/G/+l9sF3MWFPNc9IcoOC4ODfKHfxFmp0g==",
      "dependencies": [
        "dunder-proto",
        "es-object-atoms"
      ]
    },
    "gopd@1.2.0": {
      "integrity": "sha512-ZUKRh6/kUFoAiTAtTYPZJ3hw9wNxx+BIBOijnlG9PnrJsCcSjs1wyyD6vJpaYtgnzDrKYRSqf3OO6Rfa93xsRg=="
    },
    "has-symbols@1.1.0": {
      "integrity": "sha512-1cDNdwJ2Jaohmb3sg4OmKaMBwuC48sYni5HUw2DvsC8LjGTLK9h+eb1X6RyuOHe4hT0ULCW68iomhjUoKUqlPQ=="
    },
    "has-tostringtag@1.0.2": {
      "integrity": "sha512-NqADB8VjPFLM2V0VvHUewwwsw0ZWBaIdgo+ieHtK3hasLz4qeCRjYcqfB6AQrBggRKppKF8L52/VqdVsO47Dlw==",
      "dependencies": [
        "has-symbols"
      ]
    },
    "hasown@2.0.2": {
      "integrity": "sha512-0hJU9SCPvmMzIBdZFqNPXWa6dqh7WdH0cII9y+CyS8rG3nL48Bclra9HmKhVVUHyPWNH5Y7xDwAB7bfgSjkUMQ==",
      "dependencies": [
        "function-bind"
      ]
    },
    "ieee754@1.2.1": {
      "integrity": "sha512-dcyqhDvX1C46lXZcVqCpK+FtMRQVdIMN6/Df5js2zouUsqG7I6sFxitIC+7KYK29KdXOLHdu9zL4sFnoVQnqaA=="
    },
    "inherits@2.0.4": {
      "integrity": "sha512-k/vGaX4/Yla3WzyMCvTQOXYeIHvqOKtnqBduzTHpzpQZzAskKMhZ2K+EnBiSM9zGSoIFeMpXKxa4dYeZIQqewQ=="
    },
    "is-retry-allowed@3.0.0": {
      "integrity": "sha512-9xH0xvoggby+u0uGF7cZXdrutWiBiaFG8ZT4YFPXL8NzkyAwX3AKGLeFQLvzDpM430+nDFBZ1LHkie/8ocL06A=="
    },
    "math-intrinsics@1.1.0": {
      "integrity": "sha512-/IXtbwEk5HTPyEwyKX6hGkYXxM9nbj64B+ilVJnC/R6B0pH5G4V3b0pVbL7DBj4tkhBAppbQUlf6F6Xl9LHu1g=="
    },
    "mime-db@1.52.0": {
      "integrity": "sha512-sPU4uV7dYlvtWJxwwxHD0PuihVNiE7TyAbQ5SWxDCB9mUYvOgroQOwYQQOKPJ8CIbE+1ETVlOoK1UC2nU3gYvg=="
    },
    "mime-types@2.1.35": {
      "integrity": "sha512-ZDY+bPm5zTTF+YpCrAU9nK0UgICYPT0QtT1NZWFv4s++TNkcgVaT0g6+4R2uI4MjQjzysHB1zxuWL50hzaeXiw==",
      "dependencies": [
        "mime-db"
      ]
    },
    "proxy-from-env@1.1.0": {
      "integrity": "sha512-D+zkORCbA9f1tdWRK0RaCR3GPv50cMxcrz4X8k5LTSUD1Dkw47mKJEZQNunItRTkWwgtaUSo1RVFRIG9ZXiFYg=="
    },
    "randombytes@2.1.0": {
      "integrity": "sha512-vYl3iOX+4CKUWuxGi9Ukhie6fsqXqS9FE2Zaic4tNFD2N2QQaXOMFbuKK4QmDHC0JO6B1Zp41J0LpT0oR68amQ==",
      "dependencies": [
        "safe-buffer"
      ]
    },
    "require-addon@1.1.0_bare-url@2.1.6": {
      "integrity": "sha512-KbXAD5q2+v1GJnkzd8zzbOxchTkStSyJZ9QwoCq3QwEXAaIlG3wDYRZGzVD357jmwaGY7hr5VaoEAL0BkF0Kvg==",
      "dependencies": [
        "bare-addon-resolve",
        "bare-url"
      ]
    },
    "safe-buffer@5.2.1": {
      "integrity": "sha512-rp3So07KcdmmKbGvgaNxQSJr7bGVSVk5S9Eq1F+ppbRo70+YeaDxkw5Dd8NPN+GD6bjnYm2VuPuCXmpuYvmCXQ=="
    },
    "sha.js@2.4.11": {
      "integrity": "sha512-QMEp5B7cftE7APOjk5Y6xgrbWu+WkLVQwk8JNjZ8nKRciZaByEW6MubieAiToS7+dwvrjGhH8jRXz3MVd0AYqQ==",
      "dependencies": [
        "inherits",
        "safe-buffer"
      ],
      "bin": true
    },
    "sodium-native@4.3.3": {
      "integrity": "sha512-OnxSlN3uyY8D0EsLHpmm2HOFmKddQVvEMmsakCrXUzSd8kjjbzL413t4ZNF3n0UxSwNgwTyUvkmZHTfuCeiYSw==",
      "dependencies": [
        "require-addon"
      ]
    },
    "toml@3.0.0": {
      "integrity": "sha512-y/mWCZinnvxjTKYhJ+pYxwD0mRLVvOtdS2Awbgxln6iEnt4rk0yBxeSBHkGJcPucRiG0e55mwWp+g/05rsrd6w=="
    },
    "tweetnacl@1.0.3": {
      "integrity": "sha512-6rt+RN7aOi1nGMyC4Xa5DdYiukl2UWCbcJft7YhxReBGQD7OAM8Pbxw6YMo4r2diNEA8FEmu32YOn9rhaiE5yw=="
    },
    "urijs@1.19.11": {
      "integrity": "sha512-HXgFDgDommxn5/bIv0cnQZsPhHDA90NPHD6+c/v21U5+Sx5hoP8+dP9IZXBU1gIfvdRfhG8cel9QNPeionfcCQ=="
    }
  },
  "workspace": {
    "dependencies": [
      "jsr:@std/encoding@1.0.7",
      "npm:@stellar/stellar-sdk@^13.3.0",
      "npm:@stellar/stellar-xdr-json@^22.0.0-rc.1.1",
      "npm:commander@^13.1.0"
    ]
  }
}
